
Microsoft Visual Studio Solution File, Format Version 12.00
# Visual Studio Version 17
VisualStudioVersion = 17.6.33829.357
MinimumVisualStudioVersion = 10.0.40219.1
Project("{FAE04EC0-301F-11D3-BF4B-00C04F79EFBC}") = "TodoApi", "TodoApi\TodoApi.csproj", "{B7469645-6D1C-4908-99D0-6E27F5DF1A2E}"
EndProject
Global
	GlobalSection(SolutionConfigurationPlatforms) = preSolution
		Debug|Any CPU = Debug|Any CPU
		Release|Any CPU = Release|Any CPU
	EndGlobalSection
	GlobalSection(ProjectConfigurationPlatforms) = postSolution
		{B7469645-6D1C-4908-99D0-6E27F5DF1A2E}.Debug|Any CPU.ActiveCfg = Debug|Any CPU
		{B7469645-6D1C-4908-99D0-6E27F5DF1A2E}.Debug|Any CPU.Build.0 = Debug|Any CPU
		{B7469645-6D1C-4908-99D0-6E27F5DF1A2E}.Release|Any CPU.ActiveCfg = Release|Any CPU
		{B7469645-6D1C-4908-99D0-6E27F5DF1A2E}.Release|Any CPU.Build.0 = Release|Any CPU
	EndGlobalSection
	GlobalSection(SolutionProperties) = preSolution
		HideSolutionNode = FALSE
	EndGlobalSection
	GlobalSection(ExtensibilityGlobals) = postSolution
		SolutionGuid = {C183E360-211C-4349-8FCA-0CB1DF13A48F}
	EndGlobalSection
EndGlobal
