
Microsoft Visual Studio Solution File, Format Version 12.00
# Visual Studio Version 17
VisualStudioVersion = 17.6.33829.357
MinimumVisualStudioVersion = 10.0.40219.1
Project("{9A19103F-16F7-4668-BE54-9A1E7A4F7556}") = "EFDemo", "EFDemo.csproj", "{0B73CD38-3CCD-4BF5-91A0-70DDD2396FDB}"
EndProject
Project("{FAE04EC0-301F-11D3-BF4B-00C04F79EFBC}") = "EfDataAccessLibrary", "..\EfDataAccessLibrary\EfDataAccessLibrary.csproj", "{33EA162F-F800-4047-9960-A9D45DACAB36}"
EndProject
Global
	GlobalSection(SolutionConfigurationPlatforms) = preSolution
		Debug|Any CPU = Debug|Any CPU
		Release|Any CPU = Release|Any CPU
	EndGlobalSection
	GlobalSection(ProjectConfigurationPlatforms) = postSolution
		{0B73CD38-3CCD-4BF5-91A0-70DDD2396FDB}.Debug|Any CPU.ActiveCfg = Debug|Any CPU
		{0B73CD38-3CCD-4BF5-91A0-70DDD2396FDB}.Debug|Any CPU.Build.0 = Debug|Any CPU
		{0B73CD38-3CCD-4BF5-91A0-70DDD2396FDB}.Release|Any CPU.ActiveCfg = Release|Any CPU
		{0B73CD38-3CCD-4BF5-91A0-70DDD2396FDB}.Release|Any CPU.Build.0 = Release|Any CPU
		{33EA162F-F800-4047-9960-A9D45DACAB36}.Debug|Any CPU.ActiveCfg = Debug|Any CPU
		{33EA162F-F800-4047-9960-A9D45DACAB36}.Debug|Any CPU.Build.0 = Debug|Any CPU
		{33EA162F-F800-4047-9960-A9D45DACAB36}.Release|Any CPU.ActiveCfg = Release|Any CPU
		{33EA162F-F800-4047-9960-A9D45DACAB36}.Release|Any CPU.Build.0 = Release|Any CPU
	EndGlobalSection
	GlobalSection(SolutionProperties) = preSolution
		HideSolutionNode = FALSE
	EndGlobalSection
	GlobalSection(ExtensibilityGlobals) = postSolution
		SolutionGuid = {9FDD331F-1C2B-46A1-A6A2-1618A0A33F20}
	EndGlobalSection
EndGlobal
