
Microsoft Visual Studio Solution File, Format Version 12.00
# Visual Studio Version 17
VisualStudioVersion = 17.6.33829.357
MinimumVisualStudioVersion = 10.0.40219.1
Project("{FAE04EC0-301F-11D3-BF4B-00C04F79EFBC}") = "WebApplicationWithEF", "WebApplicationWithEF.csproj", "{4C0EC225-A09D-4607-9407-C7CDFF76165B}"
EndProject
Global
	GlobalSection(SolutionConfigurationPlatforms) = preSolution
		Debug|Any CPU = Debug|Any CPU
		Release|Any CPU = Release|Any CPU
	EndGlobalSection
	GlobalSection(ProjectConfigurationPlatforms) = postSolution
		{4C0EC225-A09D-4607-9407-C7CDFF76165B}.Debug|Any CPU.ActiveCfg = Debug|Any CPU
		{4C0EC225-A09D-4607-9407-C7CDFF76165B}.Debug|Any CPU.Build.0 = Debug|Any CPU
		{4C0EC225-A09D-4607-9407-C7CDFF76165B}.Release|Any CPU.ActiveCfg = Release|Any CPU
		{4C0EC225-A09D-4607-9407-C7CDFF76165B}.Release|Any CPU.Build.0 = Release|Any CPU
	EndGlobalSection
	GlobalSection(SolutionProperties) = preSolution
		HideSolutionNode = FALSE
	EndGlobalSection
	GlobalSection(ExtensibilityGlobals) = postSolution
		SolutionGuid = {6C6738D6-9C12-4799-857F-7AEFFB657877}
	EndGlobalSection
EndGlobal
