
Microsoft Visual Studio Solution File, Format Version 12.00
# Visual Studio Version 17
VisualStudioVersion = 17.6.33829.357
MinimumVisualStudioVersion = 10.0.40219.1
Project("{FAE04EC0-301F-11D3-BF4B-00C04F79EFBC}") = "MovieMVC", "MovieMVC\MovieMVC.csproj", "{9FF42CAA-A745-488E-85D7-04436FEE6986}"
EndProject
Global
	GlobalSection(SolutionConfigurationPlatforms) = preSolution
		Debug|Any CPU = Debug|Any CPU
		Release|Any CPU = Release|Any CPU
	EndGlobalSection
	GlobalSection(ProjectConfigurationPlatforms) = postSolution
		{9FF42CAA-A745-488E-85D7-04436FEE6986}.Debug|Any CPU.ActiveCfg = Debug|Any CPU
		{9FF42CAA-A745-488E-85D7-04436FEE6986}.Debug|Any CPU.Build.0 = Debug|Any CPU
		{9FF42CAA-A745-488E-85D7-04436FEE6986}.Release|Any CPU.ActiveCfg = Release|Any CPU
		{9FF42CAA-A745-488E-85D7-04436FEE6986}.Release|Any CPU.Build.0 = Release|Any CPU
	EndGlobalSection
	GlobalSection(SolutionProperties) = preSolution
		HideSolutionNode = FALSE
	EndGlobalSection
	GlobalSection(ExtensibilityGlobals) = postSolution
		SolutionGuid = {F2093FB1-A258-45FA-AFAD-2A1B678678E5}
	EndGlobalSection
EndGlobal
