
Microsoft Visual Studio Solution File, Format Version 12.00
# Visual Studio Version 17
VisualStudioVersion = 17.6.33829.357
MinimumVisualStudioVersion = 10.0.40219.1
Project("{FAE04EC0-301F-11D3-BF4B-00C04F79EFBC}") = "BookStoreApp", "BookStoreApp\BookStoreApp.csproj", "{7ABF43A2-32A5-433E-9500-5AD6C599108A}"
EndProject
Global
	GlobalSection(SolutionConfigurationPlatforms) = preSolution
		Debug|Any CPU = Debug|Any CPU
		Release|Any CPU = Release|Any CPU
	EndGlobalSection
	GlobalSection(ProjectConfigurationPlatforms) = postSolution
		{7ABF43A2-32A5-433E-9500-5AD6C599108A}.Debug|Any CPU.ActiveCfg = Debug|Any CPU
		{7ABF43A2-32A5-433E-9500-5AD6C599108A}.Debug|Any CPU.Build.0 = Debug|Any CPU
		{7ABF43A2-32A5-433E-9500-5AD6C599108A}.Release|Any CPU.ActiveCfg = Release|Any CPU
		{7ABF43A2-32A5-433E-9500-5AD6C599108A}.Release|Any CPU.Build.0 = Release|Any CPU
	EndGlobalSection
	GlobalSection(SolutionProperties) = preSolution
		HideSolutionNode = FALSE
	EndGlobalSection
	GlobalSection(ExtensibilityGlobals) = postSolution
		SolutionGuid = {DF2E6C14-E2AD-4CA6-A5E7-246DA7F826CE}
	EndGlobalSection
EndGlobal
